
Microsoft Visual Studio Solution File, Format Version 12.00
# Visual Studio Version 16
VisualStudioVersion = 16.0.29920.165
MinimumVisualStudioVersion = 10.0.40219.1
Project("{FAE04EC0-301F-11D3-BF4B-00C04F79EFBC}") = "dz9", "dz9\dz9.csproj", "{0C896A1D-E0AB-4EFF-8EE1-102C52A2978D}"
EndProject
Global
	GlobalSection(SolutionConfigurationPlatforms) = preSolution
		Debug|Any CPU = Debug|Any CPU
		Release|Any CPU = Release|Any CPU
	EndGlobalSection
	GlobalSection(ProjectConfigurationPlatforms) = postSolution
		{0C896A1D-E0AB-4EFF-8EE1-102C52A2978D}.Debug|Any CPU.ActiveCfg = Debug|Any CPU
		{0C896A1D-E0AB-4EFF-8EE1-102C52A2978D}.Debug|Any CPU.Build.0 = Debug|Any CPU
		{0C896A1D-E0AB-4EFF-8EE1-102C52A2978D}.Release|Any CPU.ActiveCfg = Release|Any CPU
		{0C896A1D-E0AB-4EFF-8EE1-102C52A2978D}.Release|Any CPU.Build.0 = Release|Any CPU
	EndGlobalSection
	GlobalSection(SolutionProperties) = preSolution
		HideSolutionNode = FALSE
	EndGlobalSection
	GlobalSection(ExtensibilityGlobals) = postSolution
		SolutionGuid = {9313F9A7-A696-4285-AEBE-94012301140C}
	EndGlobalSection
EndGlobal
